
Microsoft Visual Studio Solution File, Format Version 12.00
# Visual Studio 16
Project("{FAE04EC0-301F-11D3-BF4B-00C04F79EFBC}") = "Assembly-CSharp", "Assembly-CSharp.csproj", "{9009A265-47A3-86A0-C6BE-30BC1E1881D9}"
EndProject
Project("{FAE04EC0-301F-11D3-BF4B-00C04F79EFBC}") = "Assembly-CSharp-Editor", "Assembly-CSharp-Editor.csproj", "{1C9E802C-5991-5CAE-7F1B-10DFC52A5D23}"
EndProject
Global
	GlobalSection(SolutionConfigurationPlatforms) = preSolution
		Debug|Any CPU = Debug|Any CPU
		Release|Any CPU = Release|Any CPU
	EndGlobalSection
	GlobalSection(ProjectConfigurationPlatforms) = postSolution
		{9009A265-47A3-86A0-C6BE-30BC1E1881D9}.Debug|Any CPU.ActiveCfg = Debug|Any CPU
		{9009A265-47A3-86A0-C6BE-30BC1E1881D9}.Debug|Any CPU.Build.0 = Debug|Any CPU
		{9009A265-47A3-86A0-C6BE-30BC1E1881D9}.Release|Any CPU.ActiveCfg = Release|Any CPU
		{9009A265-47A3-86A0-C6BE-30BC1E1881D9}.Release|Any CPU.Build.0 = Release|Any CPU
		{1C9E802C-5991-5CAE-7F1B-10DFC52A5D23}.Debug|Any CPU.ActiveCfg = Debug|Any CPU
		{1C9E802C-5991-5CAE-7F1B-10DFC52A5D23}.Debug|Any CPU.Build.0 = Debug|Any CPU
		{1C9E802C-5991-5CAE-7F1B-10DFC52A5D23}.Release|Any CPU.ActiveCfg = Release|Any CPU
		{1C9E802C-5991-5CAE-7F1B-10DFC52A5D23}.Release|Any CPU.Build.0 = Release|Any CPU
	EndGlobalSection
	GlobalSection(SolutionProperties) = preSolution
		HideSolutionNode = FALSE
	EndGlobalSection
EndGlobal
